
Microsoft Visual Studio Solution File, Format Version 12.00
# Visual Studio Version 17
VisualStudioVersion = 17.9.34728.123
MinimumVisualStudioVersion = 10.0.40219.1
Project("{FAE04EC0-301F-11D3-BF4B-00C04F79EFBC}") = "AcunMedyaMenu", "AcunMedyaMenu\AcunMedyaMenu.csproj", "{493C3E79-0159-468C-81E3-13533BEF2574}"
EndProject
Global
	GlobalSection(SolutionConfigurationPlatforms) = preSolution
		Debug|Any CPU = Debug|Any CPU
		Release|Any CPU = Release|Any CPU
	EndGlobalSection
	GlobalSection(ProjectConfigurationPlatforms) = postSolution
		{493C3E79-0159-468C-81E3-13533BEF2574}.Debug|Any CPU.ActiveCfg = Debug|Any CPU
		{493C3E79-0159-468C-81E3-13533BEF2574}.Debug|Any CPU.Build.0 = Debug|Any CPU
		{493C3E79-0159-468C-81E3-13533BEF2574}.Release|Any CPU.ActiveCfg = Release|Any CPU
		{493C3E79-0159-468C-81E3-13533BEF2574}.Release|Any CPU.Build.0 = Release|Any CPU
	EndGlobalSection
	GlobalSection(SolutionProperties) = preSolution
		HideSolutionNode = FALSE
	EndGlobalSection
	GlobalSection(ExtensibilityGlobals) = postSolution
		SolutionGuid = {47BE3C28-22DB-47B9-AA6D-7F7E9AC9C4B1}
	EndGlobalSection
EndGlobal
